github.com/google/uuid v1.6.0 h1:NIvaJDMOsjHA8n1jAhLSgzrAzy1Hgr+hNrb57e+94F0=
github.com/google/uuid v1.6.0/go.mod h1:TIyPZe4MgqvfeYDBFedMoGGpEw/LqOeaOT+nhxU+yHo=
github.com/tess1o/tapo-go v0.2.0 h1:f7tDEau5o9ZjHKBG3Uz0ZXfC8zgY1Ugh4zrpXHu/HII=
github.com/tess1o/tapo-go v0.2.0/go.mod h1:5N3W3nQx6e/NXoKSErcaj5Q0A6+QPPnzdKLsHjVa2Oc=
